{
  "object": {
    "pins": [
      {
        "package": "Authentication",
        "repositoryURL": "https://github.com/Car-Swaddle/Authentication",
        "state": {
          "branch": "master",
          "revision": "12cdc44a572272cac00c490189ccffc07e08508c",
          "version": null
        }
      },
      {
        "package": "CarSwaddleData",
        "repositoryURL": "https://github.com/Car-Swaddle/CarSwaddleData",
        "state": {
          "branch": "master",
          "revision": "b1a8ace5fa22843975b5f1074dc2e5c6aefff5b5",
          "version": null
        }
      },
      {
        "package": "CarSwaddleNetworkRequest",
        "repositoryURL": "https://github.com/Car-Swaddle/CarSwaddleNetworkRequest",
        "state": {
          "branch": "master",
          "revision": "53613b3c62c671bb042ea19639842c973d46bc2c",
          "version": null
        }
      },
      {
        "package": "CarSwaddleStore",
        "repositoryURL": "https://github.com/Car-Swaddle/CarSwaddleStore",
        "state": {
          "branch": "master",
          "revision": "54fd207c5e641fa08655b8f7dbe7e75fd555b883",
          "version": null
        }
      },
      {
        "package": "CarSwaddleUI",
        "repositoryURL": "https://github.com/Car-Swaddle/CarSwaddleUI",
        "state": {
          "branch": "master",
          "revision": "1269ea6ebd34e0dbd0a68cf5ddda464ed3c3e0bc",
          "version": null
        }
      },
      {
        "package": "Cosmos",
        "repositoryURL": "https://github.com/evgenyneu/Cosmos.git",
        "state": {
          "branch": null,
          "revision": "cce521e734d0090494bd4afab5fd2e2f2465c1af",
          "version": "23.0.0"
        }
      },
      {
        "package": "Disk",
        "repositoryURL": "https://github.com/saoudrizwan/Disk.git",
        "state": {
          "branch": null,
          "revision": "b0cb4fdf23e51849cc2460bdc6de795c3bcca99d",
          "version": "0.6.4"
        }
      },
      {
        "package": "KeychainAccess",
        "repositoryURL": "https://github.com/kishikawakatsumi/KeychainAccess.git",
        "state": {
          "branch": null,
          "revision": "84e546727d66f1adc5439debad16270d0fdd04e7",
          "version": "4.2.2"
        }
      },
      {
        "package": "Lottie",
        "repositoryURL": "https://github.com/airbnb/lottie-ios.git",
        "state": {
          "branch": null,
          "revision": "4e5877425dae5c10792fc9d22d53dc6bf6824dc1",
          "version": "3.1.8"
        }
      },
      {
        "package": "NetworkRequest",
        "repositoryURL": "https://github.com/Car-Swaddle/NetworkRequest",
        "state": {
          "branch": "master",
          "revision": "f146efcf6d0b6b877806b4cd8c04d58f53b3161b",
          "version": null
        }
      },
      {
        "package": "Stripe",
        "repositoryURL": "https://github.com/stripe/stripe-ios.git",
        "state": {
          "branch": null,
          "revision": "d52a5d00f941f2f26c52ea7c1848bdc6ceace64f",
          "version": "21.5.1"
        }
      }
    ]
  },
  "version": 1
}
