{
  "object": {
    "pins": [
      {
        "package": "Authentication",
        "repositoryURL": "https://github.com/Car-Swaddle/Authentication",
        "state": {
          "branch": null,
          "revision": "97d02cf8334ae4d3a61c717d2acd802cc5df8cdf",
          "version": "2.0.0"
        }
      },
      {
        "package": "CarSwaddleData",
        "repositoryURL": "https://github.com/Car-Swaddle/CarSwaddleData",
        "state": {
          "branch": null,
          "revision": "f23db2ec907ffb86e1092ad650ba97aad388eaeb",
          "version": "2.0.0"
        }
      },
      {
        "package": "CarSwaddleNetworkRequest",
        "repositoryURL": "https://github.com/Car-Swaddle/CarSwaddleNetworkRequest",
        "state": {
          "branch": null,
          "revision": "bd844aec15be45850bae753df439f3cb738d0cc5",
          "version": "2.0.2"
        }
      },
      {
        "package": "CarSwaddleStore",
        "repositoryURL": "https://github.com/Car-Swaddle/CarSwaddleStore",
        "state": {
          "branch": null,
          "revision": "2c2882e23a19852a7a2363ead18cd3679afadc82",
          "version": "2.0.0"
        }
      },
      {
        "package": "CarSwaddleUI",
        "repositoryURL": "https://github.com/Car-Swaddle/CarSwaddleUI",
        "state": {
          "branch": null,
          "revision": "1269ea6ebd34e0dbd0a68cf5ddda464ed3c3e0bc",
          "version": "2.0.0"
        }
      },
      {
        "package": "Cosmos",
        "repositoryURL": "https://github.com/evgenyneu/Cosmos.git",
        "state": {
          "branch": null,
          "revision": "cce521e734d0090494bd4afab5fd2e2f2465c1af",
          "version": "23.0.0"
        }
      },
      {
        "package": "Disk",
        "repositoryURL": "https://github.com/saoudrizwan/Disk.git",
        "state": {
          "branch": null,
          "revision": "b0cb4fdf23e51849cc2460bdc6de795c3bcca99d",
          "version": "0.6.4"
        }
      },
      {
        "package": "KeychainAccess",
        "repositoryURL": "https://github.com/kishikawakatsumi/KeychainAccess.git",
        "state": {
          "branch": null,
          "revision": "84e546727d66f1adc5439debad16270d0fdd04e7",
          "version": "4.2.2"
        }
      },
      {
        "package": "Lottie",
        "repositoryURL": "https://github.com/airbnb/lottie-ios.git",
        "state": {
          "branch": null,
          "revision": "4e5877425dae5c10792fc9d22d53dc6bf6824dc1",
          "version": "3.1.8"
        }
      },
      {
        "package": "NetworkRequest",
        "repositoryURL": "https://github.com/Car-Swaddle/NetworkRequest",
        "state": {
          "branch": null,
          "revision": "f146efcf6d0b6b877806b4cd8c04d58f53b3161b",
          "version": "2.0.0"
        }
      },
      {
        "package": "Stripe",
        "repositoryURL": "https://github.com/stripe/stripe-ios.git",
        "state": {
          "branch": null,
          "revision": "d52a5d00f941f2f26c52ea7c1848bdc6ceace64f",
          "version": "21.5.1"
        }
      }
    ]
  },
  "version": 1
}
